
Microsoft Visual Studio Solution File, Format Version 12.00
# Visual Studio 2013
VisualStudioVersion = 12.0.40629.0
MinimumVisualStudioVersion = 10.0.40219.1
Project("{8BC9CEB8-8B4A-11D0-8D11-00A0C91BC942}") = "SerialPort", "SerialPort\SerialPort.vcxproj", "{79EA85DD-E29E-4466-82FB-CCD3641770B2}"
EndProject
Project("{8BC9CEB8-8B4A-11D0-8D11-00A0C91BC942}") = "serialPortdll", "serialPortdll\serialPortdll.vcxproj", "{13B88091-4919-4F3B-91A8-99FDD2B88679}"
EndProject
Project("{8BC9CEB8-8B4A-11D0-8D11-00A0C91BC942}") = "getport", "getport\getport.vcxproj", "{84AA892D-22AD-47EE-ADC2-7B587B69EF73}"
EndProject
Global
	GlobalSection(SolutionConfigurationPlatforms) = preSolution
		Debug|Win32 = Debug|Win32
		Release|Win32 = Release|Win32
	EndGlobalSection
	GlobalSection(ProjectConfigurationPlatforms) = postSolution
		{79EA85DD-E29E-4466-82FB-CCD3641770B2}.Debug|Win32.ActiveCfg = Debug|Win32
		{79EA85DD-E29E-4466-82FB-CCD3641770B2}.Debug|Win32.Build.0 = Debug|Win32
		{79EA85DD-E29E-4466-82FB-CCD3641770B2}.Release|Win32.ActiveCfg = Release|Win32
		{79EA85DD-E29E-4466-82FB-CCD3641770B2}.Release|Win32.Build.0 = Release|Win32
		{13B88091-4919-4F3B-91A8-99FDD2B88679}.Debug|Win32.ActiveCfg = Debug|Win32
		{13B88091-4919-4F3B-91A8-99FDD2B88679}.Debug|Win32.Build.0 = Debug|Win32
		{13B88091-4919-4F3B-91A8-99FDD2B88679}.Release|Win32.ActiveCfg = Release|Win32
		{13B88091-4919-4F3B-91A8-99FDD2B88679}.Release|Win32.Build.0 = Release|Win32
		{84AA892D-22AD-47EE-ADC2-7B587B69EF73}.Debug|Win32.ActiveCfg = Debug|Win32
		{84AA892D-22AD-47EE-ADC2-7B587B69EF73}.Debug|Win32.Build.0 = Debug|Win32
		{84AA892D-22AD-47EE-ADC2-7B587B69EF73}.Release|Win32.ActiveCfg = Release|Win32
		{84AA892D-22AD-47EE-ADC2-7B587B69EF73}.Release|Win32.Build.0 = Release|Win32
	EndGlobalSection
	GlobalSection(SolutionProperties) = preSolution
		HideSolutionNode = FALSE
	EndGlobalSection
EndGlobal
